// !$*UTF8*$!
{
	archiveVersion = 1;
	classes = {
	};
	objectVersion = 55;
	objects = {

/* Begin PBXBuildFile section */
		1AD5577E28CBA01800A5444F /* AppDelegate.swift in Sources */ = {isa = PBXBuildFile; fileRef = 1AD5577D28CBA01800A5444F /* AppDelegate.swift */; };
		1AD5578028CBA01800A5444F /* SceneDelegate.swift in Sources */ = {isa = PBXBuildFile; fileRef = 1AD5577F28CBA01800A5444F /* SceneDelegate.swift */; };
		1AD5578A28CBA01900A5444F /* Assets.xcassets in Resources */ = {isa = PBXBuildFile; fileRef = 1AD5578928CBA01900A5444F /* Assets.xcassets */; };
		1AD5578D28CBA01900A5444F /* LaunchScreen.storyboard in Resources */ = {isa = PBXBuildFile; fileRef = 1AD5578B28CBA01900A5444F /* LaunchScreen.storyboard */; };
		1AD5579528CBA0D300A5444F /* RecipesListViewController.swift in Sources */ = {isa = PBXBuildFile; fileRef = 1AD5579428CBA0D300A5444F /* RecipesListViewController.swift */; };
		1AD5579E28CBB5BB00A5444F /* FoodRecipes.swift in Sources */ = {isa = PBXBuildFile; fileRef = 1AD5579D28CBB5BB00A5444F /* FoodRecipes.swift */; };
		1AD557A128CBBDEA00A5444F /* NetworkManager.swift in Sources */ = {isa = PBXBuildFile; fileRef = 1AD557A028CBBDEA00A5444F /* NetworkManager.swift */; };
		1AD557A528CC775E00A5444F /* RecipeCell.swift in Sources */ = {isa = PBXBuildFile; fileRef = 1AD557A428CC775E00A5444F /* RecipeCell.swift */; };
		1AD557A728CC793100A5444F /* RecipesListViewPresenter.swift in Sources */ = {isa = PBXBuildFile; fileRef = 1AD557A628CC793100A5444F /* RecipesListViewPresenter.swift */; };
		1AD557AA28CCB33B00A5444F /* AssemblyBuilder.swift in Sources */ = {isa = PBXBuildFile; fileRef = 1AD557A928CCB33B00A5444F /* AssemblyBuilder.swift */; };
		1AD557AD28CCB35F00A5444F /* Router.swift in Sources */ = {isa = PBXBuildFile; fileRef = 1AD557AC28CCB35F00A5444F /* Router.swift */; };
		1AD557B228CE1B1800A5444F /* RecipeDetailViewController.swift in Sources */ = {isa = PBXBuildFile; fileRef = 1AD557B128CE1B1800A5444F /* RecipeDetailViewController.swift */; };
		1AD557B428CE1B3900A5444F /* RecipeDetailPresenter.swift in Sources */ = {isa = PBXBuildFile; fileRef = 1AD557B328CE1B3900A5444F /* RecipeDetailPresenter.swift */; };
		1AD557B628CE3BA900A5444F /* RecipeDetailHeaderView.swift in Sources */ = {isa = PBXBuildFile; fileRef = 1AD557B528CE3BA900A5444F /* RecipeDetailHeaderView.swift */; };
		1AD557B828CE53D000A5444F /* RecipeDetailFooterView.swift in Sources */ = {isa = PBXBuildFile; fileRef = 1AD557B728CE53D000A5444F /* RecipeDetailFooterView.swift */; };
		1AD557BD28CF6C1100A5444F /* InstructionsViewController.swift in Sources */ = {isa = PBXBuildFile; fileRef = 1AD557BC28CF6C1100A5444F /* InstructionsViewController.swift */; };
		1AD557BF28CF6C3200A5444F /* InstructionsPresenter.swift in Sources */ = {isa = PBXBuildFile; fileRef = 1AD557BE28CF6C3200A5444F /* InstructionsPresenter.swift */; };
		1AD557CB28D361C100A5444F /* FavoriteListViewController.swift in Sources */ = {isa = PBXBuildFile; fileRef = 1AD557CA28D361C100A5444F /* FavoriteListViewController.swift */; };
		1AD557CD28D361E400A5444F /* FavoriteListViewPresenter.swift in Sources */ = {isa = PBXBuildFile; fileRef = 1AD557CC28D361E400A5444F /* FavoriteListViewPresenter.swift */; };
		1AD557E028D386A800A5444F /* Realm in Frameworks */ = {isa = PBXBuildFile; productRef = 1AD557DF28D386A800A5444F /* Realm */; };
		1AD557E228D386A800A5444F /* RealmSwift in Frameworks */ = {isa = PBXBuildFile; productRef = 1AD557E128D386A800A5444F /* RealmSwift */; };
		1AD557E428D38CA000A5444F /* SavedRecipe.swift in Sources */ = {isa = PBXBuildFile; fileRef = 1AD557E328D38CA000A5444F /* SavedRecipe.swift */; };
		1AD557E628D38DA700A5444F /* StorageManager.swift in Sources */ = {isa = PBXBuildFile; fileRef = 1AD557E528D38DA700A5444F /* StorageManager.swift */; };
		1AD557E828D4CEEF00A5444F /* SavedRecipeCell.swift in Sources */ = {isa = PBXBuildFile; fileRef = 1AD557E728D4CEEF00A5444F /* SavedRecipeCell.swift */; };
		1AD557EE28D63B1700A5444F /* ImageCacheManager.swift in Sources */ = {isa = PBXBuildFile; fileRef = 1AD557ED28D63B1700A5444F /* ImageCacheManager.swift */; };
/* End PBXBuildFile section */

/* Begin PBXFileReference section */
		1AD5577A28CBA01800A5444F /* FoodRecipesApp.app */ = {isa = PBXFileReference; explicitFileType = wrapper.application; includeInIndex = 0; path = FoodRecipesApp.app; sourceTree = BUILT_PRODUCTS_DIR; };
		1AD5577D28CBA01800A5444F /* AppDelegate.swift */ = {isa = PBXFileReference; lastKnownFileType = sourcecode.swift; path = AppDelegate.swift; sourceTree = "<group>"; };
		1AD5577F28CBA01800A5444F /* SceneDelegate.swift */ = {isa = PBXFileReference; lastKnownFileType = sourcecode.swift; path = SceneDelegate.swift; sourceTree = "<group>"; };
		1AD5578928CBA01900A5444F /* Assets.xcassets */ = {isa = PBXFileReference; lastKnownFileType = folder.assetcatalog; path = Assets.xcassets; sourceTree = "<group>"; };
		1AD5578C28CBA01900A5444F /* Base */ = {isa = PBXFileReference; lastKnownFileType = file.storyboard; name = Base; path = Base.lproj/LaunchScreen.storyboard; sourceTree = "<group>"; };
		1AD5578E28CBA01900A5444F /* Info.plist */ = {isa = PBXFileReference; lastKnownFileType = text.plist.xml; path = Info.plist; sourceTree = "<group>"; };
		1AD5579428CBA0D300A5444F /* RecipesListViewController.swift */ = {isa = PBXFileReference; lastKnownFileType = sourcecode.swift; path = RecipesListViewController.swift; sourceTree = "<group>"; };
		1AD5579D28CBB5BB00A5444F /* FoodRecipes.swift */ = {isa = PBXFileReference; lastKnownFileType = sourcecode.swift; path = FoodRecipes.swift; sourceTree = "<group>"; };
		1AD557A028CBBDEA00A5444F /* NetworkManager.swift */ = {isa = PBXFileReference; lastKnownFileType = sourcecode.swift; path = NetworkManager.swift; sourceTree = "<group>"; };
		1AD557A428CC775E00A5444F /* RecipeCell.swift */ = {isa = PBXFileReference; lastKnownFileType = sourcecode.swift; path = RecipeCell.swift; sourceTree = "<group>"; };
		1AD557A628CC793100A5444F /* RecipesListViewPresenter.swift */ = {isa = PBXFileReference; lastKnownFileType = sourcecode.swift; path = RecipesListViewPresenter.swift; sourceTree = "<group>"; };
		1AD557A928CCB33B00A5444F /* AssemblyBuilder.swift */ = {isa = PBXFileReference; lastKnownFileType = sourcecode.swift; path = AssemblyBuilder.swift; sourceTree = "<group>"; };
		1AD557AC28CCB35F00A5444F /* Router.swift */ = {isa = PBXFileReference; lastKnownFileType = sourcecode.swift; path = Router.swift; sourceTree = "<group>"; };
		1AD557B128CE1B1800A5444F /* RecipeDetailViewController.swift */ = {isa = PBXFileReference; lastKnownFileType = sourcecode.swift; path = RecipeDetailViewController.swift; sourceTree = "<group>"; };
		1AD557B328CE1B3900A5444F /* RecipeDetailPresenter.swift */ = {isa = PBXFileReference; lastKnownFileType = sourcecode.swift; path = RecipeDetailPresenter.swift; sourceTree = "<group>"; };
		1AD557B528CE3BA900A5444F /* RecipeDetailHeaderView.swift */ = {isa = PBXFileReference; lastKnownFileType = sourcecode.swift; path = RecipeDetailHeaderView.swift; sourceTree = "<group>"; };
		1AD557B728CE53D000A5444F /* RecipeDetailFooterView.swift */ = {isa = PBXFileReference; lastKnownFileType = sourcecode.swift; path = RecipeDetailFooterView.swift; sourceTree = "<group>"; };
		1AD557BC28CF6C1100A5444F /* InstructionsViewController.swift */ = {isa = PBXFileReference; lastKnownFileType = sourcecode.swift; path = InstructionsViewController.swift; sourceTree = "<group>"; };
		1AD557BE28CF6C3200A5444F /* InstructionsPresenter.swift */ = {isa = PBXFileReference; lastKnownFileType = sourcecode.swift; path = InstructionsPresenter.swift; sourceTree = "<group>"; };
		1AD557CA28D361C100A5444F /* FavoriteListViewController.swift */ = {isa = PBXFileReference; lastKnownFileType = sourcecode.swift; path = FavoriteListViewController.swift; sourceTree = "<group>"; };
		1AD557CC28D361E400A5444F /* FavoriteListViewPresenter.swift */ = {isa = PBXFileReference; lastKnownFileType = sourcecode.swift; path = FavoriteListViewPresenter.swift; sourceTree = "<group>"; };
		1AD557E328D38CA000A5444F /* SavedRecipe.swift */ = {isa = PBXFileReference; lastKnownFileType = sourcecode.swift; path = SavedRecipe.swift; sourceTree = "<group>"; };
		1AD557E528D38DA700A5444F /* StorageManager.swift */ = {isa = PBXFileReference; lastKnownFileType = sourcecode.swift; path = StorageManager.swift; sourceTree = "<group>"; };
		1AD557E728D4CEEF00A5444F /* SavedRecipeCell.swift */ = {isa = PBXFileReference; lastKnownFileType = sourcecode.swift; path = SavedRecipeCell.swift; sourceTree = "<group>"; };
		1AD557ED28D63B1700A5444F /* ImageCacheManager.swift */ = {isa = PBXFileReference; lastKnownFileType = sourcecode.swift; path = ImageCacheManager.swift; sourceTree = "<group>"; };
/* End PBXFileReference section */

/* Begin PBXFrameworksBuildPhase section */
		1AD5577728CBA01800A5444F /* Frameworks */ = {
			isa = PBXFrameworksBuildPhase;
			buildActionMask = 2147483647;
			files = (
				1AD557E228D386A800A5444F /* RealmSwift in Frameworks */,
				1AD557E028D386A800A5444F /* Realm in Frameworks */,
			);
			runOnlyForDeploymentPostprocessing = 0;
		};
/* End PBXFrameworksBuildPhase section */

/* Begin PBXGroup section */
		1AD5577128CBA01800A5444F = {
			isa = PBXGroup;
			children = (
				1AD5577C28CBA01800A5444F /* FoodRecipesApp */,
				1AD5577B28CBA01800A5444F /* Products */,
			);
			sourceTree = "<group>";
		};
		1AD5577B28CBA01800A5444F /* Products */ = {
			isa = PBXGroup;
			children = (
				1AD5577A28CBA01800A5444F /* FoodRecipesApp.app */,
			);
			name = Products;
			sourceTree = "<group>";
		};
		1AD5577C28CBA01800A5444F /* FoodRecipesApp */ = {
			isa = PBXGroup;
			children = (
				1AD557AB28CCB34D00A5444F /* Router */,
				1AD557A828CCB31900A5444F /* Builder */,
				1AD5579628CBA24F00A5444F /* App */,
				1AD557C328D0BAEA00A5444F /* RandomRecipes */,
				1AD557C428D0BCAB00A5444F /* FavoriteRecipes */,
				1AD5579928CBA2AC00A5444F /* Models */,
				1AD5579F28CBBDD200A5444F /* Services */,
				1AD5579728CBA27200A5444F /* Storyboards */,
				1AD5579828CBA28100A5444F /* Resources */,
			);
			path = FoodRecipesApp;
			sourceTree = "<group>";
		};
		1AD5579628CBA24F00A5444F /* App */ = {
			isa = PBXGroup;
			children = (
				1AD5577D28CBA01800A5444F /* AppDelegate.swift */,
				1AD5577F28CBA01800A5444F /* SceneDelegate.swift */,
				1AD5578E28CBA01900A5444F /* Info.plist */,
			);
			path = App;
			sourceTree = "<group>";
		};
		1AD5579728CBA27200A5444F /* Storyboards */ = {
			isa = PBXGroup;
			children = (
				1AD5578B28CBA01900A5444F /* LaunchScreen.storyboard */,
			);
			path = Storyboards;
			sourceTree = "<group>";
		};
		1AD5579828CBA28100A5444F /* Resources */ = {
			isa = PBXGroup;
			children = (
				1AD5578928CBA01900A5444F /* Assets.xcassets */,
			);
			path = Resources;
			sourceTree = "<group>";
		};
		1AD5579928CBA2AC00A5444F /* Models */ = {
			isa = PBXGroup;
			children = (
				1AD5579D28CBB5BB00A5444F /* FoodRecipes.swift */,
				1AD557E328D38CA000A5444F /* SavedRecipe.swift */,
			);
			path = Models;
			sourceTree = "<group>";
		};
		1AD5579A28CBA2E400A5444F /* RecipesList */ = {
			isa = PBXGroup;
			children = (
				1AD5579B28CBA2EE00A5444F /* View */,
				1AD5579C28CBA2F900A5444F /* Presenter */,
			);
			path = RecipesList;
			sourceTree = "<group>";
		};
		1AD5579B28CBA2EE00A5444F /* View */ = {
			isa = PBXGroup;
			children = (
				1AD5579428CBA0D300A5444F /* RecipesListViewController.swift */,
				1AD557A428CC775E00A5444F /* RecipeCell.swift */,
			);
			path = View;
			sourceTree = "<group>";
		};
		1AD5579C28CBA2F900A5444F /* Presenter */ = {
			isa = PBXGroup;
			children = (
				1AD557A628CC793100A5444F /* RecipesListViewPresenter.swift */,
			);
			path = Presenter;
			sourceTree = "<group>";
		};
		1AD5579F28CBBDD200A5444F /* Services */ = {
			isa = PBXGroup;
			children = (
				1AD557A028CBBDEA00A5444F /* NetworkManager.swift */,
				1AD557E528D38DA700A5444F /* StorageManager.swift */,
				1AD557ED28D63B1700A5444F /* ImageCacheManager.swift */,
			);
			path = Services;
			sourceTree = "<group>";
		};
		1AD557A828CCB31900A5444F /* Builder */ = {
			isa = PBXGroup;
			children = (
				1AD557A928CCB33B00A5444F /* AssemblyBuilder.swift */,
			);
			path = Builder;
			sourceTree = "<group>";
		};
		1AD557AB28CCB34D00A5444F /* Router */ = {
			isa = PBXGroup;
			children = (
				1AD557AC28CCB35F00A5444F /* Router.swift */,
			);
			path = Router;
			sourceTree = "<group>";
		};
		1AD557AE28CE1AA600A5444F /* RecipeDetail */ = {
			isa = PBXGroup;
			children = (
				1AD557B028CE1AD700A5444F /* View */,
				1AD557AF28CE1ACA00A5444F /* Presenter */,
			);
			path = RecipeDetail;
			sourceTree = "<group>";
		};
		1AD557AF28CE1ACA00A5444F /* Presenter */ = {
			isa = PBXGroup;
			children = (
				1AD557B328CE1B3900A5444F /* RecipeDetailPresenter.swift */,
			);
			path = Presenter;
			sourceTree = "<group>";
		};
		1AD557B028CE1AD700A5444F /* View */ = {
			isa = PBXGroup;
			children = (
				1AD557B128CE1B1800A5444F /* RecipeDetailViewController.swift */,
				1AD557B528CE3BA900A5444F /* RecipeDetailHeaderView.swift */,
				1AD557B728CE53D000A5444F /* RecipeDetailFooterView.swift */,
			);
			path = View;
			sourceTree = "<group>";
		};
		1AD557B928CF6BD100A5444F /* Instructions */ = {
			isa = PBXGroup;
			children = (
				1AD557BA28CF6BE700A5444F /* View */,
				1AD557BB28CF6BEF00A5444F /* Presenter */,
			);
			path = Instructions;
			sourceTree = "<group>";
		};
		1AD557BA28CF6BE700A5444F /* View */ = {
			isa = PBXGroup;
			children = (
				1AD557BC28CF6C1100A5444F /* InstructionsViewController.swift */,
			);
			path = View;
			sourceTree = "<group>";
		};
		1AD557BB28CF6BEF00A5444F /* Presenter */ = {
			isa = PBXGroup;
			children = (
				1AD557BE28CF6C3200A5444F /* InstructionsPresenter.swift */,
			);
			path = Presenter;
			sourceTree = "<group>";
		};
		1AD557C328D0BAEA00A5444F /* RandomRecipes */ = {
			isa = PBXGroup;
			children = (
				1AD5579A28CBA2E400A5444F /* RecipesList */,
				1AD557AE28CE1AA600A5444F /* RecipeDetail */,
				1AD557B928CF6BD100A5444F /* Instructions */,
			);
			path = RandomRecipes;
			sourceTree = "<group>";
		};
		1AD557C428D0BCAB00A5444F /* FavoriteRecipes */ = {
			isa = PBXGroup;
			children = (
				1AD557C728D3611D00A5444F /* FavoriteList */,
			);
			path = FavoriteRecipes;
			sourceTree = "<group>";
		};
		1AD557C728D3611D00A5444F /* FavoriteList */ = {
			isa = PBXGroup;
			children = (
				1AD557C828D3614400A5444F /* View */,
				1AD557C928D3614B00A5444F /* Presenter */,
			);
			path = FavoriteList;
			sourceTree = "<group>";
		};
		1AD557C828D3614400A5444F /* View */ = {
			isa = PBXGroup;
			children = (
				1AD557CA28D361C100A5444F /* FavoriteListViewController.swift */,
				1AD557E728D4CEEF00A5444F /* SavedRecipeCell.swift */,
			);
			path = View;
			sourceTree = "<group>";
		};
		1AD557C928D3614B00A5444F /* Presenter */ = {
			isa = PBXGroup;
			children = (
				1AD557CC28D361E400A5444F /* FavoriteListViewPresenter.swift */,
			);
			path = Presenter;
			sourceTree = "<group>";
		};
/* End PBXGroup section */

/* Begin PBXNativeTarget section */
		1AD5577928CBA01800A5444F /* FoodRecipesApp */ = {
			isa = PBXNativeTarget;
			buildConfigurationList = 1AD5579128CBA01900A5444F /* Build configuration list for PBXNativeTarget "FoodRecipesApp" */;
			buildPhases = (
				1AD5577628CBA01800A5444F /* Sources */,
				1AD5577728CBA01800A5444F /* Frameworks */,
				1AD5577828CBA01800A5444F /* Resources */,
			);
			buildRules = (
			);
			dependencies = (
			);
			name = FoodRecipesApp;
			packageProductDependencies = (
				1AD557DF28D386A800A5444F /* Realm */,
				1AD557E128D386A800A5444F /* RealmSwift */,
			);
			productName = FoodRecipesApp;
			productReference = 1AD5577A28CBA01800A5444F /* FoodRecipesApp.app */;
			productType = "com.apple.product-type.application";
		};
/* End PBXNativeTarget section */

/* Begin PBXProject section */
		1AD5577228CBA01800A5444F /* Project object */ = {
			isa = PBXProject;
			attributes = {
				BuildIndependentTargetsInParallel = 1;
				LastSwiftUpdateCheck = 1340;
				LastUpgradeCheck = 1340;
				TargetAttributes = {
					1AD5577928CBA01800A5444F = {
						CreatedOnToolsVersion = 13.4.1;
					};
				};
			};
			buildConfigurationList = 1AD5577528CBA01800A5444F /* Build configuration list for PBXProject "FoodRecipesApp" */;
			compatibilityVersion = "Xcode 13.0";
			developmentRegion = en;
			hasScannedForEncodings = 0;
			knownRegions = (
				en,
				Base,
			);
			mainGroup = 1AD5577128CBA01800A5444F;
			packageReferences = (
				1AD557DE28D386A800A5444F /* XCRemoteSwiftPackageReference "realm-swift" */,
			);
			productRefGroup = 1AD5577B28CBA01800A5444F /* Products */;
			projectDirPath = "";
			projectRoot = "";
			targets = (
				1AD5577928CBA01800A5444F /* FoodRecipesApp */,
			);
		};
/* End PBXProject section */

/* Begin PBXResourcesBuildPhase section */
		1AD5577828CBA01800A5444F /* Resources */ = {
			isa = PBXResourcesBuildPhase;
			buildActionMask = 2147483647;
			files = (
				1AD5578D28CBA01900A5444F /* LaunchScreen.storyboard in Resources */,
				1AD5578A28CBA01900A5444F /* Assets.xcassets in Resources */,
			);
			runOnlyForDeploymentPostprocessing = 0;
		};
/* End PBXResourcesBuildPhase section */

/* Begin PBXSourcesBuildPhase section */
		1AD5577628CBA01800A5444F /* Sources */ = {
			isa = PBXSourcesBuildPhase;
			buildActionMask = 2147483647;
			files = (
				1AD557A128CBBDEA00A5444F /* NetworkManager.swift in Sources */,
				1AD557CB28D361C100A5444F /* FavoriteListViewController.swift in Sources */,
				1AD5579528CBA0D300A5444F /* RecipesListViewController.swift in Sources */,
				1AD557AD28CCB35F00A5444F /* Router.swift in Sources */,
				1AD557CD28D361E400A5444F /* FavoriteListViewPresenter.swift in Sources */,
				1AD557BF28CF6C3200A5444F /* InstructionsPresenter.swift in Sources */,
				1AD5577E28CBA01800A5444F /* AppDelegate.swift in Sources */,
				1AD557E828D4CEEF00A5444F /* SavedRecipeCell.swift in Sources */,
				1AD557EE28D63B1700A5444F /* ImageCacheManager.swift in Sources */,
				1AD557E628D38DA700A5444F /* StorageManager.swift in Sources */,
				1AD557AA28CCB33B00A5444F /* AssemblyBuilder.swift in Sources */,
				1AD557E428D38CA000A5444F /* SavedRecipe.swift in Sources */,
				1AD557B428CE1B3900A5444F /* RecipeDetailPresenter.swift in Sources */,
				1AD557B828CE53D000A5444F /* RecipeDetailFooterView.swift in Sources */,
				1AD557A728CC793100A5444F /* RecipesListViewPresenter.swift in Sources */,
				1AD557A528CC775E00A5444F /* RecipeCell.swift in Sources */,
				1AD557BD28CF6C1100A5444F /* InstructionsViewController.swift in Sources */,
				1AD557B228CE1B1800A5444F /* RecipeDetailViewController.swift in Sources */,
				1AD5578028CBA01800A5444F /* SceneDelegate.swift in Sources */,
				1AD557B628CE3BA900A5444F /* RecipeDetailHeaderView.swift in Sources */,
				1AD5579E28CBB5BB00A5444F /* FoodRecipes.swift in Sources */,
			);
			runOnlyForDeploymentPostprocessing = 0;
		};
/* End PBXSourcesBuildPhase section */

/* Begin PBXVariantGroup section */
		1AD5578B28CBA01900A5444F /* LaunchScreen.storyboard */ = {
			isa = PBXVariantGroup;
			children = (
				1AD5578C28CBA01900A5444F /* Base */,
			);
			name = LaunchScreen.storyboard;
			sourceTree = "<group>";
		};
/* End PBXVariantGroup section */

/* Begin XCBuildConfiguration section */
		1AD5578F28CBA01900A5444F /* Debug */ = {
			isa = XCBuildConfiguration;
			buildSettings = {
				ALWAYS_SEARCH_USER_PATHS = NO;
				CLANG_ANALYZER_NONNULL = YES;
				CLANG_ANALYZER_NUMBER_OBJECT_CONVERSION = YES_AGGRESSIVE;
				CLANG_CXX_LANGUAGE_STANDARD = "gnu++17";
				CLANG_ENABLE_MODULES = YES;
				CLANG_ENABLE_OBJC_ARC = YES;
				CLANG_ENABLE_OBJC_WEAK = YES;
				CLANG_WARN_BLOCK_CAPTURE_AUTORELEASING = YES;
				CLANG_WARN_BOOL_CONVERSION = YES;
				CLANG_WARN_COMMA = YES;
				CLANG_WARN_CONSTANT_CONVERSION = YES;
				CLANG_WARN_DEPRECATED_OBJC_IMPLEMENTATIONS = YES;
				CLANG_WARN_DIRECT_OBJC_ISA_USAGE = YES_ERROR;
				CLANG_WARN_DOCUMENTATION_COMMENTS = YES;
				CLANG_WARN_EMPTY_BODY = YES;
				CLANG_WARN_ENUM_CONVERSION = YES;
				CLANG_WARN_INFINITE_RECURSION = YES;
				CLANG_WARN_INT_CONVERSION = YES;
				CLANG_WARN_NON_LITERAL_NULL_CONVERSION = YES;
				CLANG_WARN_OBJC_IMPLICIT_RETAIN_SELF = YES;
				CLANG_WARN_OBJC_LITERAL_CONVERSION = YES;
				CLANG_WARN_OBJC_ROOT_CLASS = YES_ERROR;
				CLANG_WARN_QUOTED_INCLUDE_IN_FRAMEWORK_HEADER = YES;
				CLANG_WARN_RANGE_LOOP_ANALYSIS = YES;
				CLANG_WARN_STRICT_PROTOTYPES = YES;
				CLANG_WARN_SUSPICIOUS_MOVE = YES;
				CLANG_WARN_UNGUARDED_AVAILABILITY = YES_AGGRESSIVE;
				CLANG_WARN_UNREACHABLE_CODE = YES;
				CLANG_WARN__DUPLICATE_METHOD_MATCH = YES;
				COPY_PHASE_STRIP = NO;
				DEBUG_INFORMATION_FORMAT = dwarf;
				ENABLE_STRICT_OBJC_MSGSEND = YES;
				ENABLE_TESTABILITY = YES;
				GCC_C_LANGUAGE_STANDARD = gnu11;
				GCC_DYNAMIC_NO_PIC = NO;
				GCC_NO_COMMON_BLOCKS = YES;
				GCC_OPTIMIZATION_LEVEL = 0;
				GCC_PREPROCESSOR_DEFINITIONS = (
					"DEBUG=1",
					"$(inherited)",
				);
				GCC_WARN_64_TO_32_BIT_CONVERSION = YES;
				GCC_WARN_ABOUT_RETURN_TYPE = YES_ERROR;
				GCC_WARN_UNDECLARED_SELECTOR = YES;
				GCC_WARN_UNINITIALIZED_AUTOS = YES_AGGRESSIVE;
				GCC_WARN_UNUSED_FUNCTION = YES;
				GCC_WARN_UNUSED_VARIABLE = YES;
				IPHONEOS_DEPLOYMENT_TARGET = 15.5;
				MTL_ENABLE_DEBUG_INFO = INCLUDE_SOURCE;
				MTL_FAST_MATH = YES;
				ONLY_ACTIVE_ARCH = YES;
				SDKROOT = iphoneos;
				SWIFT_ACTIVE_COMPILATION_CONDITIONS = DEBUG;
				SWIFT_OPTIMIZATION_LEVEL = "-Onone";
			};
			name = Debug;
		};
		1AD5579028CBA01900A5444F /* Release */ = {
			isa = XCBuildConfiguration;
			buildSettings = {
				ALWAYS_SEARCH_USER_PATHS = NO;
				CLANG_ANALYZER_NONNULL = YES;
				CLANG_ANALYZER_NUMBER_OBJECT_CONVERSION = YES_AGGRESSIVE;
				CLANG_CXX_LANGUAGE_STANDARD = "gnu++17";
				CLANG_ENABLE_MODULES = YES;
				CLANG_ENABLE_OBJC_ARC = YES;
				CLANG_ENABLE_OBJC_WEAK = YES;
				CLANG_WARN_BLOCK_CAPTURE_AUTORELEASING = YES;
				CLANG_WARN_BOOL_CONVERSION = YES;
				CLANG_WARN_COMMA = YES;
				CLANG_WARN_CONSTANT_CONVERSION = YES;
				CLANG_WARN_DEPRECATED_OBJC_IMPLEMENTATIONS = YES;
				CLANG_WARN_DIRECT_OBJC_ISA_USAGE = YES_ERROR;
				CLANG_WARN_DOCUMENTATION_COMMENTS = YES;
				CLANG_WARN_EMPTY_BODY = YES;
				CLANG_WARN_ENUM_CONVERSION = YES;
				CLANG_WARN_INFINITE_RECURSION = YES;
				CLANG_WARN_INT_CONVERSION = YES;
				CLANG_WARN_NON_LITERAL_NULL_CONVERSION = YES;
				CLANG_WARN_OBJC_IMPLICIT_RETAIN_SELF = YES;
				CLANG_WARN_OBJC_LITERAL_CONVERSION = YES;
				CLANG_WARN_OBJC_ROOT_CLASS = YES_ERROR;
				CLANG_WARN_QUOTED_INCLUDE_IN_FRAMEWORK_HEADER = YES;
				CLANG_WARN_RANGE_LOOP_ANALYSIS = YES;
				CLANG_WARN_STRICT_PROTOTYPES = YES;
				CLANG_WARN_SUSPICIOUS_MOVE = YES;
				CLANG_WARN_UNGUARDED_AVAILABILITY = YES_AGGRESSIVE;
				CLANG_WARN_UNREACHABLE_CODE = YES;
				CLANG_WARN__DUPLICATE_METHOD_MATCH = YES;
				COPY_PHASE_STRIP = NO;
				DEBUG_INFORMATION_FORMAT = "dwarf-with-dsym";
				ENABLE_NS_ASSERTIONS = NO;
				ENABLE_STRICT_OBJC_MSGSEND = YES;
				GCC_C_LANGUAGE_STANDARD = gnu11;
				GCC_NO_COMMON_BLOCKS = YES;
				GCC_WARN_64_TO_32_BIT_CONVERSION = YES;
				GCC_WARN_ABOUT_RETURN_TYPE = YES_ERROR;
				GCC_WARN_UNDECLARED_SELECTOR = YES;
				GCC_WARN_UNINITIALIZED_AUTOS = YES_AGGRESSIVE;
				GCC_WARN_UNUSED_FUNCTION = YES;
				GCC_WARN_UNUSED_VARIABLE = YES;
				IPHONEOS_DEPLOYMENT_TARGET = 15.5;
				MTL_ENABLE_DEBUG_INFO = NO;
				MTL_FAST_MATH = YES;
				SDKROOT = iphoneos;
				SWIFT_COMPILATION_MODE = wholemodule;
				SWIFT_OPTIMIZATION_LEVEL = "-O";
				VALIDATE_PRODUCT = YES;
			};
			name = Release;
		};
		1AD5579228CBA01900A5444F /* Debug */ = {
			isa = XCBuildConfiguration;
			buildSettings = {
				ASSETCATALOG_COMPILER_APPICON_NAME = AppIcon;
				ASSETCATALOG_COMPILER_GLOBAL_ACCENT_COLOR_NAME = AccentColor;
				CODE_SIGN_STYLE = Automatic;
				CURRENT_PROJECT_VERSION = 1;
				DEVELOPMENT_TEAM = DV8Z845Y2C;
				GENERATE_INFOPLIST_FILE = YES;
				INFOPLIST_FILE = FoodRecipesApp/App/Info.plist;
				INFOPLIST_KEY_UIApplicationSupportsIndirectInputEvents = YES;
				INFOPLIST_KEY_UILaunchStoryboardName = LaunchScreen;
				INFOPLIST_KEY_UISupportedInterfaceOrientations = UIInterfaceOrientationPortrait;
				INFOPLIST_KEY_UISupportedInterfaceOrientations_iPad = "UIInterfaceOrientationPortrait UIInterfaceOrientationPortraitUpsideDown UIInterfaceOrientationLandscapeLeft UIInterfaceOrientationLandscapeRight";
				INFOPLIST_KEY_UISupportedInterfaceOrientations_iPhone = "UIInterfaceOrientationPortrait UIInterfaceOrientationLandscapeLeft UIInterfaceOrientationLandscapeRight";
				LD_RUNPATH_SEARCH_PATHS = (
					"$(inherited)",
					"@executable_path/Frameworks",
				);
				MARKETING_VERSION = 1.0;
				PRODUCT_BUNDLE_IDENTIFIER = com.VladimirFalin.FoodRecipesApp;
				PRODUCT_NAME = "$(TARGET_NAME)";
				SWIFT_EMIT_LOC_STRINGS = YES;
				SWIFT_VERSION = 5.0;
				TARGETED_DEVICE_FAMILY = "1,2";
			};
			name = Debug;
		};
		1AD5579328CBA01900A5444F /* Release */ = {
			isa = XCBuildConfiguration;
			buildSettings = {
				ASSETCATALOG_COMPILER_APPICON_NAME = AppIcon;
				ASSETCATALOG_COMPILER_GLOBAL_ACCENT_COLOR_NAME = AccentColor;
				CODE_SIGN_STYLE = Automatic;
				CURRENT_PROJECT_VERSION = 1;
				DEVELOPMENT_TEAM = DV8Z845Y2C;
				GENERATE_INFOPLIST_FILE = YES;
				INFOPLIST_FILE = FoodRecipesApp/App/Info.plist;
				INFOPLIST_KEY_UIApplicationSupportsIndirectInputEvents = YES;
				INFOPLIST_KEY_UILaunchStoryboardName = LaunchScreen;
				INFOPLIST_KEY_UISupportedInterfaceOrientations = UIInterfaceOrientationPortrait;
				INFOPLIST_KEY_UISupportedInterfaceOrientations_iPad = "UIInterfaceOrientationPortrait UIInterfaceOrientationPortraitUpsideDown UIInterfaceOrientationLandscapeLeft UIInterfaceOrientationLandscapeRight";
				INFOPLIST_KEY_UISupportedInterfaceOrientations_iPhone = "UIInterfaceOrientationPortrait UIInterfaceOrientationLandscapeLeft UIInterfaceOrientationLandscapeRight";
				LD_RUNPATH_SEARCH_PATHS = (
					"$(inherited)",
					"@executable_path/Frameworks",
				);
				MARKETING_VERSION = 1.0;
				PRODUCT_BUNDLE_IDENTIFIER = com.VladimirFalin.FoodRecipesApp;
				PRODUCT_NAME = "$(TARGET_NAME)";
				SWIFT_EMIT_LOC_STRINGS = YES;
				SWIFT_VERSION = 5.0;
				TARGETED_DEVICE_FAMILY = "1,2";
			};
			name = Release;
		};
/* End XCBuildConfiguration section */

/* Begin XCConfigurationList section */
		1AD5577528CBA01800A5444F /* Build configuration list for PBXProject "FoodRecipesApp" */ = {
			isa = XCConfigurationList;
			buildConfigurations = (
				1AD5578F28CBA01900A5444F /* Debug */,
				1AD5579028CBA01900A5444F /* Release */,
			);
			defaultConfigurationIsVisible = 0;
			defaultConfigurationName = Release;
		};
		1AD5579128CBA01900A5444F /* Build configuration list for PBXNativeTarget "FoodRecipesApp" */ = {
			isa = XCConfigurationList;
			buildConfigurations = (
				1AD5579228CBA01900A5444F /* Debug */,
				1AD5579328CBA01900A5444F /* Release */,
			);
			defaultConfigurationIsVisible = 0;
			defaultConfigurationName = Release;
		};
/* End XCConfigurationList section */

/* Begin XCRemoteSwiftPackageReference section */
		1AD557DE28D386A800A5444F /* XCRemoteSwiftPackageReference "realm-swift" */ = {
			isa = XCRemoteSwiftPackageReference;
			repositoryURL = "https://github.com/realm/realm-swift.git";
			requirement = {
				branch = master;
				kind = branch;
			};
		};
/* End XCRemoteSwiftPackageReference section */

/* Begin XCSwiftPackageProductDependency section */
		1AD557DF28D386A800A5444F /* Realm */ = {
			isa = XCSwiftPackageProductDependency;
			package = 1AD557DE28D386A800A5444F /* XCRemoteSwiftPackageReference "realm-swift" */;
			productName = Realm;
		};
		1AD557E128D386A800A5444F /* RealmSwift */ = {
			isa = XCSwiftPackageProductDependency;
			package = 1AD557DE28D386A800A5444F /* XCRemoteSwiftPackageReference "realm-swift" */;
			productName = RealmSwift;
		};
/* End XCSwiftPackageProductDependency section */
	};
	rootObject = 1AD5577228CBA01800A5444F /* Project object */;
}
